# This file was autogenerated by Stack.
# You should not edit this file by hand.
# For more information, please see the documentation at:
#   https://docs.haskellstack.org/en/stable/lock_files

packages:
- completed:
    hackage: factor-1.6@sha256:3bdb9ded20c546038d96143c40338682439c23a0cae7bf0ffeb8f429f88e8abd,2169
    pantry-tree:
      sha256: cd30f6720be4729a65132b7c9bb2811232f765b3419f08e2a9b9b3cad1435b57
      size: 1496
  original:
    hackage: factor-1.6
snapshots:
- completed:
    sha256: 1b4c2669e26fa828451830ed4725e4d406acc25a1fa24fcc039465dd13d7a575
    size: 714100
    url: https://raw.githubusercontent.com/commercialhaskell/stackage-snapshots/master/lts/22/6.yaml
  original: lts-22.6
