# This file was autogenerated by Stack.
# You should not edit this file by hand.
# For more information, please see the documentation at:
#   https://docs.haskellstack.org/en/stable/lock_files

packages:
- completed:
    hackage: accelerate-1.1.1.0@sha256:ddfa440f8ff7ff1962cbe5eea2dac6bcca81fccc1c6959fdf854eb238cfb8d9e,14736
    pantry-tree:
      size: 5617
      sha256: 7541e141d559c035f36179571bddbbc19084cb63db3a68949ab74912ac68a68c
  original:
    hackage: accelerate-1.1.1.0
- completed:
    hackage: accelerate-llvm-native-1.1.0.1@sha256:d4698ffc589b332f6acab289cdc202239191309ee50712d8c7a4d6a1ee3a1bcf,7975
    pantry-tree:
      size: 3601
      sha256: 646a465b0df623a6406ef688fa9327d7e4f5386aac0a8fe0b33680d71648b7e9
  original:
    hackage: accelerate-llvm-native-1.1.0.1
- completed:
    hackage: accelerate-llvm-1.1.0.0@sha256:86e0849f8f256c909633625d4cd407c2faf6d41a310c0a9d38dc882b159b46c0,8304
    pantry-tree:
      size: 5090
      sha256: be34a3256f6caa76beaca7c58e74bb590d7da9224a96affb81a5d99c68f87cf9
  original:
    hackage: accelerate-llvm-1.1.0.0
snapshots:
- completed:
    size: 524127
    url: https://raw.githubusercontent.com/commercialhaskell/stackage-snapshots/master/lts/14/6.yaml
    sha256: dc70dfb45e2c32f54719819bd055f46855dd4b3bd2e58b9f3f38729a2d553fbb
  original: lts-14.6
